PODS:
  - Alamofire (5.6.4)
  - AlphaWalletAddress (1.0.2):
    - AlphaWalletCore
    - AlphaWalletWeb3
    - EthereumAddress
    - TrustKeystore
  - AlphaWalletCore (1.0.2):
    - Alamofire (= 5.6.4)
    - PromiseKit
  - AlphaWalletENS (1.0.0):
    - AlphaWalletAddress
    - AlphaWalletCore
    - AlphaWalletWeb3
    - PromiseKit
  - AlphaWalletFoundation (1.0.0):
    - AlphaWalletAddress
    - AlphaWalletCore
    - AlphaWalletENS
    - AlphaWalletGoBack
    - AlphaWalletHardwareWallet
    - AlphaWalletLogger
    - AlphaWalletOpenSea
    - AlphaWalletShareExtensionCore
    - AlphaWalletTrustWalletCoreExtensions
    - AlphaWalletWeb3
    - AlphaWalletWeb3Provider
    - APIKit (= 5.1.0)
    - Apollo (= 0.53.0)
    - BigInt (~> 3.1)
    - BlockiesSwift
    - CombineExt (= 1.8.0)
    - CryptoSwift (~> 1.4)
    - EthereumABI
    - JSONRPCKit (~> 2.0.0)
    - Kanna
    - PaperTrailLumberjack/Swift
    - PromiseKit/CorePromise
    - RealmSwift (= 10.36.0)
    - SwiftProtobuf (~> 1.18.0)
    - SwiftyJSON (= 5.0.0)
    - TrezorCrypto
    - TrustKeystore
  - AlphaWalletGoBack (1.0.0)
  - AlphaWalletHardwareWallet (1.0.0):
    - AlphaWalletAddress
    - AlphaWalletTrustWalletCoreExtensions
    - AlphaWalletWeb3
    - TrustKeystore
  - AlphaWalletLogger (1.0.0):
    - CocoaLumberjack (= 3.7.0)
  - AlphaWalletNotifications (1.0.1):
    - AlphaWalletCore
    - AlphaWalletFoundation
    - Firebase/Messaging
    - FirebaseCrashlytics
    - SwiftyJSON
  - AlphaWalletOpenSea (1.0.0):
    - AlphaWalletAddress
    - AlphaWalletCore
    - PromiseKit
    - SwiftyJSON (= 5.0.0)
  - AlphaWalletShareExtensionCore (1.0.0)
  - AlphaWalletTrackAPICalls (1.0.0)
  - AlphaWalletTrustWalletCoreExtensions (1.0.0):
    - BigInt
    - TrustWalletCore (= 2.6.34)
  - AlphaWalletWeb3 (0.0.1):
    - BigInt
    - CryptoSwift
    - PromiseKit (~> 6.3.0)
    - secp256k1_ios (~> 0.1.3)
  - AlphaWalletWeb3Provider (0.3.0)
  - APIKit (5.1.0)
  - Apollo (0.53.0):
    - Apollo/Core (= 0.53.0)
  - Apollo/Core (0.53.0)
  - BigInt (3.1.0):
    - SipHash (~> 1.2)
  - BlockiesSwift (0.1.2)
  - Charts (4.1.0):
    - Charts/Core (= 4.1.0)
  - Charts/Core (4.1.0):
    - SwiftAlgorithms (~> 1.0)
  - CocoaAsyncSocket (7.6.5)
  - CocoaLumberjack (3.7.0):
    - CocoaLumberjack/Core (= 3.7.0)
  - CocoaLumberjack/Core (3.7.0)
  - CocoaLumberjack/Swift (3.7.0):
    - CocoaLumberjack/Core
  - CombineExt (1.8.0)
  - CryptoSwift (1.7.1)
  - EthereumABI (1.3.0):
    - BigInt (~> 3.1)
    - CryptoSwift (~> 1.0)
    - EthereumAddress (~> 1.3)
  - EthereumAddress (1.3.0):
    - CryptoSwift (~> 1.0)
  - Firebase/CoreOnly (8.15.0):
    - FirebaseCore (= 8.15.0)
  - Firebase/Messaging (8.15.0):
    - Firebase/CoreOnly
    - FirebaseMessaging (~> 8.15.0)
  - FirebaseCore (8.15.0):
    - FirebaseCoreDiagnostics (~> 8.0)
    - GoogleUtilities/Environment (~> 7.7)
    - GoogleUtilities/Logger (~> 7.7)
  - FirebaseCoreDiagnostics (8.15.0):
    - GoogleDataTransport (~> 9.1)
    - GoogleUtilities/Environment (~> 7.7)
    - GoogleUtilities/Logger (~> 7.7)
    - nanopb (~> 2.30908.0)
  - FirebaseCrashlytics (8.10.0):
    - FirebaseCore (~> 8.0)
    - FirebaseInstallations (~> 8.0)
    - GoogleDataTransport (~> 9.1)
    - GoogleUtilities/Environment (~> 7.6)
    - nanopb (~> 2.30908.0)
    - PromisesObjC (< 3.0, >= 1.2)
  - FirebaseInstallations (8.15.0):
    - FirebaseCore (~> 8.0)
    - GoogleUtilities/Environment (~> 7.7)
    - GoogleUtilities/UserDefaults (~> 7.7)
    - PromisesObjC (< 3.0, >= 1.2)
  - FirebaseMessaging (8.15.0):
    - FirebaseCore (~> 8.0)
    - FirebaseInstallations (~> 8.0)
    - GoogleDataTransport (~> 9.1)
    - GoogleUtilities/AppDelegateSwizzler (~> 7.7)
    - GoogleUtilities/Environment (~> 7.7)
    - GoogleUtilities/Reachability (~> 7.7)
    - GoogleUtilities/UserDefaults (~> 7.7)
    - nanopb (~> 2.30908.0)
  - FloatingPanel (2.6.1)
  - GoogleDataTransport (9.2.3):
    - GoogleUtilities/Environment (~> 7.7)
    - nanopb (< 2.30910.0, >= 2.30908.0)
    - PromisesObjC (< 3.0, >= 1.2)
  - GoogleUtilities/AppDelegateSwizzler (7.11.1):
    - GoogleUtilities/Environment
    - GoogleUtilities/Logger
    - GoogleUtilities/Network
  - GoogleUtilities/Environment (7.11.1):
    - PromisesObjC (< 3.0, >= 1.2)
  - GoogleUtilities/Logger (7.11.1):
    - GoogleUtilities/Environment
  - GoogleUtilities/Network (7.11.1):
    - GoogleUtilities/Logger
    - "GoogleUtilities/NSData+zlib"
    - GoogleUtilities/Reachability
  - "GoogleUtilities/NSData+zlib (7.11.1)"
  - GoogleUtilities/Reachability (7.11.1):
    - GoogleUtilities/Logger
  - GoogleUtilities/UserDefaults (7.11.1):
    - GoogleUtilities/Logger
  - iOSSnapshotTestCase (6.2.0):
    - iOSSnapshotTestCase/SwiftSupport (= 6.2.0)
  - iOSSnapshotTestCase/Core (6.2.0)
  - iOSSnapshotTestCase/SwiftSupport (6.2.0):
    - iOSSnapshotTestCase/Core
  - IQKeyboardManager (6.5.11)
  - JSONRPCKit (2.0.3):
    - Result (~> 3.0)
  - Kanna (5.0.0)
  - KeychainSwift (10.0.0)
  - Kingfisher (7.6.2)
  - MailchimpSDK (2.0.4)
  - MBProgressHUD (1.2.0)
  - Mixpanel-swift (3.5.1):
    - Mixpanel-swift/Complete (= 3.5.1)
  - Mixpanel-swift/Complete (3.5.1)
  - nanopb (2.30908.0):
    - nanopb/decode (= 2.30908.0)
    - nanopb/encode (= 2.30908.0)
  - nanopb/decode (2.30908.0)
  - nanopb/encode (2.30908.0)
  - PaperTrailLumberjack/Core (0.1.9):
    - CocoaAsyncSocket (~> 7.6)
    - CocoaLumberjack (~> 3.4)
  - PaperTrailLumberjack/Swift (0.1.9):
    - CocoaLumberjack/Swift (~> 3.4)
    - PaperTrailLumberjack/Core
  - PromiseKit (6.3.5):
    - PromiseKit/CorePromise (= 6.3.5)
    - PromiseKit/Foundation (= 6.3.5)
    - PromiseKit/UIKit (= 6.3.5)
  - PromiseKit/CorePromise (6.3.5)
  - PromiseKit/Foundation (6.3.5):
    - PromiseKit/CorePromise
  - PromiseKit/UIKit (6.3.5):
    - PromiseKit/CorePromise
  - PromisesObjC (2.2.0)
  - QRCodeReaderViewController (4.0.2)
  - R.swift (7.3.2)
  - Ramp (4.0.0)
  - Realm (10.36.0):
    - Realm/Headers (= 10.36.0)
  - Realm/Headers (10.36.0)
  - RealmSwift (10.36.0):
    - Realm (= 10.36.0)
  - Result (3.2.4)
  - SAMKeychain (1.5.3)
  - SDWebImage (5.15.8):
    - SDWebImage/Core (= 5.15.8)
  - SDWebImage/Core (5.15.8)
  - SDWebImageSVGCoder (1.7.0):
    - SDWebImage/Core (~> 5.6)
  - secp256k1_ios (0.1.3)
  - SipHash (1.2.2)
  - Starscream (3.1.1)
  - StatefulViewController (3.0)
  - SVGKit (3.1.0):
    - CocoaLumberjack (~> 3.0)
  - SwiftAlgorithms (1.0.0)
  - SwiftFormat/CLI (0.51.9)
  - SwiftLint (0.50.3)
  - SwiftProtobuf (1.18.0)
  - SwiftyJSON (5.0.0)
  - TrezorCrypto (0.0.9)
  - TrustKeystore (0.1.3):
    - CryptoSwift (~> 1.0)
    - secp256k1_ios (~> 0.1.0)
    - TrezorCrypto
  - TrustWalletCore (2.6.34):
    - TrustWalletCore/Core (= 2.6.34)
  - TrustWalletCore/Core (2.6.34):
    - TrustWalletCore/Types
  - TrustWalletCore/Types (2.6.34):
    - SwiftProtobuf
  - WalletConnectSwift (1.7.0):
    - CryptoSwift (~> 1.5)
  - WalletConnectSwiftV2 (1.3.1):
    - WalletConnectSwiftV2/WalletConnect (= 1.3.1)
  - WalletConnectSwiftV2/Commons (1.3.1)
  - WalletConnectSwiftV2/JSONRPC (1.3.1):
    - WalletConnectSwiftV2/Commons
  - WalletConnectSwiftV2/WalletConnect (1.3.1):
    - WalletConnectSwiftV2/WalletConnectPairing
  - WalletConnectSwiftV2/WalletConnectAuth (1.3.1):
    - WalletConnectSwiftV2/WalletConnectPairing
  - WalletConnectSwiftV2/WalletConnectKMS (1.3.1):
    - WalletConnectSwiftV2/WalletConnectUtils
  - WalletConnectSwiftV2/WalletConnectNetworking (1.3.1):
    - WalletConnectSwiftV2/WalletConnectRelay
  - WalletConnectSwiftV2/WalletConnectPairing (1.3.1):
    - WalletConnectSwiftV2/WalletConnectNetworking
  - WalletConnectSwiftV2/WalletConnectRelay (1.3.1):
    - WalletConnectSwiftV2/WalletConnectKMS
  - WalletConnectSwiftV2/WalletConnectUtils (1.3.1):
    - WalletConnectSwiftV2/JSONRPC
  - WalletConnectSwiftV2/Web3Wallet (1.3.1):
    - WalletConnectSwiftV2/WalletConnect
    - WalletConnectSwiftV2/WalletConnectAuth
  - xcbeautify (0.17.0)

DEPENDENCIES:
  - AlphaWalletAddress (from `.`)
  - AlphaWalletCore (from `.`)
  - AlphaWalletENS (from `.`)
  - AlphaWalletFoundation (from `.`)
  - AlphaWalletGoBack (from `.`)
  - AlphaWalletHardwareWallet (from `.`)
  - AlphaWalletLogger (from `.`)
  - AlphaWalletNotifications (from `.`)
  - AlphaWalletOpenSea (from `.`)
  - AlphaWalletShareExtensionCore (from `.`)
  - AlphaWalletTrackAPICalls (from `.`)
  - AlphaWalletTrustWalletCoreExtensions (from `.`)
  - AlphaWalletWeb3 (from `.`)
  - AlphaWalletWeb3Provider (from `https://github.com/AlphaWallet/AlphaWallet-web3-provider`, commit `bdb38b06eeedeb4ca1e32d3ecd81783b5116ae68`)
  - BigInt (~> 3.1)
  - Charts
  - EthereumABI (from `https://github.com/AlphaWallet/EthereumABI.git`, commit `877b77e8e7cbc54ab0712d509b74fec21b79d1bb`)
  - FirebaseCrashlytics (= 8.10.0)
  - FloatingPanel
  - iOSSnapshotTestCase (= 6.2.0)
  - IQKeyboardManager
  - Kanna (from `https://github.com/tid-kijyun/Kanna.git`, commit `06a04bc28783ccbb40efba355dee845a024033e8`)
  - KeychainSwift (from `https://github.com/AlphaWallet/keychain-swift.git`, commit `b797d40a9d08ec509db4335140cf2259b226e6a2`)
  - Kingfisher (~> 7.0)
  - MailchimpSDK
  - MBProgressHUD
  - Mixpanel-swift (~> 3.1)
  - PromiseKit/CorePromise
  - QRCodeReaderViewController (from `https://github.com/AlphaWallet/QRCodeReaderViewController.git`, commit `09da2d4b835589972ecacd022a75bc27b2c1d1bd`)
  - R.swift
  - Ramp (from `https://github.com/RampNetwork/ramp-sdk-ios`, tag `4.0.0`)
  - SAMKeychain
  - SDWebImage
  - SDWebImageSVGCoder
  - Starscream (= 3.1.1)
  - StatefulViewController
  - SVGKit (from `https://github.com/SVGKit/SVGKit.git`, branch `3.x`)
  - SwiftFormat/CLI (~> 0.49)
  - SwiftLint (= 0.50.3)
  - TrezorCrypto (from `https://github.com/AlphaWallet/trezor-crypto-ios.git`, commit `50c16ba5527e269bbc838e80aee5bac0fe304cc7`)
  - TrustKeystore (from `https://github.com/AlphaWallet/latest-keystore-snapshot`, commit `c0bdc4f6ffc117b103e19d17b83109d4f5a0e764`)
  - WalletConnectSwift (from `https://github.com/AlphaWallet/WalletConnectSwift.git`, branch `alphaWallet`)
  - WalletConnectSwiftV2 (from `https://github.com/WalletConnect/WalletConnectSwiftV2.git`, tag `1.3.1`)
  - WalletConnectSwiftV2/Web3Wallet (from `https://github.com/WalletConnect/WalletConnectSwiftV2.git`, tag `1.3.1`)
  - xcbeautify

SPEC REPOS:
  trunk:
    - Alamofire
    - APIKit
    - Apollo
    - BigInt
    - BlockiesSwift
    - Charts
    - CocoaAsyncSocket
    - CocoaLumberjack
    - CombineExt
    - CryptoSwift
    - EthereumAddress
    - Firebase
    - FirebaseCore
    - FirebaseCoreDiagnostics
    - FirebaseCrashlytics
    - FirebaseInstallations
    - FirebaseMessaging
    - FloatingPanel
    - GoogleDataTransport
    - GoogleUtilities
    - iOSSnapshotTestCase
    - IQKeyboardManager
    - JSONRPCKit
    - Kingfisher
    - MailchimpSDK
    - MBProgressHUD
    - Mixpanel-swift
    - nanopb
    - PaperTrailLumberjack
    - PromiseKit
    - PromisesObjC
    - R.swift
    - Realm
    - RealmSwift
    - Result
    - SAMKeychain
    - SDWebImage
    - SDWebImageSVGCoder
    - secp256k1_ios
    - SipHash
    - Starscream
    - StatefulViewController
    - SwiftAlgorithms
    - SwiftFormat
    - SwiftLint
    - SwiftProtobuf
    - SwiftyJSON
    - TrustWalletCore
    - xcbeautify

EXTERNAL SOURCES:
  AlphaWalletAddress:
    :path: "."
  AlphaWalletCore:
    :path: "."
  AlphaWalletENS:
    :path: "."
  AlphaWalletFoundation:
    :path: "."
  AlphaWalletGoBack:
    :path: "."
  AlphaWalletHardwareWallet:
    :path: "."
  AlphaWalletLogger:
    :path: "."
  AlphaWalletNotifications:
    :path: "."
  AlphaWalletOpenSea:
    :path: "."
  AlphaWalletShareExtensionCore:
    :path: "."
  AlphaWalletTrackAPICalls:
    :path: "."
  AlphaWalletTrustWalletCoreExtensions:
    :path: "."
  AlphaWalletWeb3:
    :path: "."
  AlphaWalletWeb3Provider:
    :commit: bdb38b06eeedeb4ca1e32d3ecd81783b5116ae68
    :git: https://github.com/AlphaWallet/AlphaWallet-web3-provider
  EthereumABI:
    :commit: 877b77e8e7cbc54ab0712d509b74fec21b79d1bb
    :git: https://github.com/AlphaWallet/EthereumABI.git
  Kanna:
    :commit: 06a04bc28783ccbb40efba355dee845a024033e8
    :git: https://github.com/tid-kijyun/Kanna.git
  KeychainSwift:
    :commit: b797d40a9d08ec509db4335140cf2259b226e6a2
    :git: https://github.com/AlphaWallet/keychain-swift.git
  QRCodeReaderViewController:
    :commit: 09da2d4b835589972ecacd022a75bc27b2c1d1bd
    :git: https://github.com/AlphaWallet/QRCodeReaderViewController.git
  Ramp:
    :git: https://github.com/RampNetwork/ramp-sdk-ios
    :tag: 4.0.0
  SVGKit:
    :branch: 3.x
    :git: https://github.com/SVGKit/SVGKit.git
  TrezorCrypto:
    :commit: 50c16ba5527e269bbc838e80aee5bac0fe304cc7
    :git: https://github.com/AlphaWallet/trezor-crypto-ios.git
  TrustKeystore:
    :commit: c0bdc4f6ffc117b103e19d17b83109d4f5a0e764
    :git: https://github.com/AlphaWallet/latest-keystore-snapshot
  WalletConnectSwift:
    :branch: alphaWallet
    :git: https://github.com/AlphaWallet/WalletConnectSwift.git
  WalletConnectSwiftV2:
    :git: https://github.com/WalletConnect/WalletConnectSwiftV2.git
    :tag: 1.3.1

CHECKOUT OPTIONS:
  AlphaWalletWeb3Provider:
    :commit: bdb38b06eeedeb4ca1e32d3ecd81783b5116ae68
    :git: https://github.com/AlphaWallet/AlphaWallet-web3-provider
  EthereumABI:
    :commit: 877b77e8e7cbc54ab0712d509b74fec21b79d1bb
    :git: https://github.com/AlphaWallet/EthereumABI.git
  Kanna:
    :commit: 06a04bc28783ccbb40efba355dee845a024033e8
    :git: https://github.com/tid-kijyun/Kanna.git
  KeychainSwift:
    :commit: b797d40a9d08ec509db4335140cf2259b226e6a2
    :git: https://github.com/AlphaWallet/keychain-swift.git
  QRCodeReaderViewController:
    :commit: 09da2d4b835589972ecacd022a75bc27b2c1d1bd
    :git: https://github.com/AlphaWallet/QRCodeReaderViewController.git
  Ramp:
    :git: https://github.com/RampNetwork/ramp-sdk-ios
    :tag: 4.0.0
  SVGKit:
    :commit: e990c43951c3bfa547ec647d6da17d0a01b44078
    :git: https://github.com/SVGKit/SVGKit.git
  TrezorCrypto:
    :commit: 50c16ba5527e269bbc838e80aee5bac0fe304cc7
    :git: https://github.com/AlphaWallet/trezor-crypto-ios.git
  TrustKeystore:
    :commit: c0bdc4f6ffc117b103e19d17b83109d4f5a0e764
    :git: https://github.com/AlphaWallet/latest-keystore-snapshot
  WalletConnectSwift:
    :commit: cb8dfc428ec70499a585c43e33a5e5c695b135a2
    :git: https://github.com/AlphaWallet/WalletConnectSwift.git
  WalletConnectSwiftV2:
    :git: https://github.com/WalletConnect/WalletConnectSwiftV2.git
    :tag: 1.3.1

SPEC CHECKSUMS:
  Alamofire: 4e95d97098eacb88856099c4fc79b526a299e48c
  AlphaWalletAddress: e9f10243983ac7f51671671b7964eb49d14854ab
  AlphaWalletCore: 6f67a6ce7b25614a4cad4ca7330afeaea1b9ad03
  AlphaWalletENS: 8f611f655728c8f2a6b91fb8f1417144d33a4915
  AlphaWalletFoundation: 7cf355ef9b4aff7acd54621290a533dd2659ed69
  AlphaWalletGoBack: 665101a1185145ef0a4a92943dcb11ae1fe697ca
  AlphaWalletHardwareWallet: 01e02d59b25853134c823063e27a9e05fbfde0a7
  AlphaWalletLogger: 54208bad850ec92a32fa4f969d0026305b6ce028
  AlphaWalletNotifications: bdf36020ac1ed564c06a01f60d10f42b402e96d7
  AlphaWalletOpenSea: f2711af0cbce462bcd569cff276a9a17fe16e6b8
  AlphaWalletShareExtensionCore: e5fc88c6120d5b77b3ba44a37e7b58da5ccbb7b6
  AlphaWalletTrackAPICalls: 0e18ad5b389b054ee30673e7f1caf095a17c1b33
  AlphaWalletTrustWalletCoreExtensions: 290b1c05cada7715c29b52622688da01ab88ffa7
  AlphaWalletWeb3: 1603f0e60dd63598c5c939f9c46ef8178cd28bb9
  AlphaWalletWeb3Provider: 7ca1e1c1dc841dc1915f970daace48bf34931655
  APIKit: 9e1a4069608bf0ae5238811e6cfc26928ad4d01e
  Apollo: 204819ea82022fbc59ad05056820df867f19bd02
  BigInt: 76b5dfdfa3e2e478d4ffdf161aeede5502e2742f
  BlockiesSwift: 22d8d56dd187e6bfd16cb8c8fbd4fd4896c3e65d
  Charts: 354f86803d11d9c35de280587fef50d1af063978
  CocoaAsyncSocket: 065fd1e645c7abab64f7a6a2007a48038fdc6a99
  CocoaLumberjack: e8955b9d337ac307103b0a34fd141c32f27e53c5
  CombineExt: c4daa97ef75754d8ef319bd79edeef82652f3eea
  CryptoSwift: d3d18dc357932f7e6d580689e065cf1f176007c1
  EthereumABI: c021720744d260b87def6aa45d94554d260cb5a9
  EthereumAddress: 39fe8e11cf04e4e9902b55ae653dbc4e0aee5f30
  Firebase: 5f8193dff4b5b7c5d5ef72ae54bb76c08e2b841d
  FirebaseCore: 5743c5785c074a794d35f2fff7ecc254a91e08b1
  FirebaseCoreDiagnostics: 92e07a649aeb66352b319d43bdd2ee3942af84cb
  FirebaseCrashlytics: 3b7f17cdf5bf1ae6ad5956696a6c26edeb39cca7
  FirebaseInstallations: 40bd9054049b2eae9a2c38ef1c3dd213df3605cd
  FirebaseMessaging: 5e5118a2383b3531e730d974680954c679ca0a13
  FloatingPanel: de6bb891912ede28da7b1140f7b583c474fec28a
  GoogleDataTransport: f0308f5905a745f94fb91fea9c6cbaf3831cb1bd
  GoogleUtilities: 9aa0ad5a7bc171f8bae016300bfcfa3fb8425749
  iOSSnapshotTestCase: 9ab44cb5aa62b84d31847f40680112e15ec579a6
  IQKeyboardManager: ef43ce1ba1e5aaf4adf222c0a46f39761f246879
  JSONRPCKit: b2991f2f242d72022083f9d869140dabd26d65c7
  Kanna: a32875df62975f8f4b871e933b4ea1a5c3b8be0f
  KeychainSwift: c0d1b0c2901b9873f07f0e560fde92929069e863
  Kingfisher: 6c5449c6450c5239166510ba04afe374a98afc4f
  MailchimpSDK: 794fd7cb1095e55c764d8a699eb11fb61849ed76
  MBProgressHUD: 3ee5efcc380f6a79a7cc9b363dd669c5e1ae7406
  Mixpanel-swift: 89d88f4d3dd1b4b3b69bd05060756eb1248b76f0
  nanopb: a0ba3315591a9ae0a16a309ee504766e90db0c96
  PaperTrailLumberjack: 449587968d5aeb3eab2d4de041ffc61ee2d49f25
  PromiseKit: 32c36425387e9cfc7f1206f27bfd906d0b53c0d6
  PromisesObjC: 09985d6d70fbe7878040aa746d78236e6946d2ef
  QRCodeReaderViewController: e8f27d035b3e72b1d4b1c61ff66458287e3be0ff
  R.swift: 0af0d882f49f03711415cb4e5215daa977d8a480
  Ramp: e0988926ce78f6cd0870b4f3565651c6cc0555a2
  Realm: 3fd136cb4c83a927482a7f1612496d37beed3cf5
  RealmSwift: 513d4dcbf5bfc4d573454088b592685fc48dd716
  Result: d2d07204ce72856f1fd9130bbe42c35a7b0fea10
  SAMKeychain: 483e1c9f32984d50ca961e26818a534283b4cd5c
  SDWebImage: cb032eba469c54e0000e78bcb0a13cdde0a52798
  SDWebImageSVGCoder: 15a300a97ec1c8ac958f009c02220ac0402e936c
  secp256k1_ios: ac9ef04e761f43c58012b28548afa91493761f17
  SipHash: fad90a4683e420c52ef28063063dbbce248ea6d4
  Starscream: 4bb2f9942274833f7b4d296a55504dcfc7edb7b0
  StatefulViewController: 4803bf900d44de26074344998e10e041113b5931
  SVGKit: 3c8468aab0026048532a3b27a0c81cdd939f0649
  SwiftAlgorithms: 38dda4731d19027fdeee1125f973111bf3386b53
  SwiftFormat: df737a4c42e0a7eb43da3e4dfa25924ea514f827
  SwiftLint: 77f7cb2b9bb81ab4a12fcc86448ba3f11afa50c6
  SwiftProtobuf: c3c12645230d9b09c72267e0de89468c5543bd86
  SwiftyJSON: 36413e04c44ee145039d332b4f4e2d3e8d6c4db7
  TrezorCrypto: bfeea47a052dca2c77d4a39e1e183865e52de14d
  TrustKeystore: 3d8b4571c66648fb985015c96b3185440bb837fe
  TrustWalletCore: a92d85baa15932279cce925559e93695558cafdd
  WalletConnectSwift: 6309bf3011b0b30e3e9d1e7449535302a9240f71
  WalletConnectSwiftV2: 52e67915f8d861ed3ba4eabb0f69fee0990f0a5f
  xcbeautify: 6e2f57af5c3a86d490376d5758030a8dcc201c1b

PODFILE CHECKSUM: bf65fcfdab9caf06e4944112adfde3b2ac5c5c9b

COCOAPODS: 1.12.1
