{
  "pins" : [
    {
      "identity" : "cryptoswift",
      "kind" : "remoteSourceControl",
      "location" : "https://github.com/krzyzanowskim/CryptoSwift.git",
      "state" : {
        "revision" : "039f56c5d7960f277087a0be51f5eb04ed0ec073",
        "version" : "1.5.1"
      }
    },
    {
      "identity" : "walletconnectswift",
      "kind" : "remoteSourceControl",
      "location" : "https://github.com/AlphaWallet/WalletConnectSwift.git",
      "state" : {
        "branch" : "master",
        "revision" : "e0bbfd16d5c54a7aa7e316956d765399c6332fa2"
      }
    },
    {
      "identity" : "walletconnectswiftv2",
      "kind" : "remoteSourceControl",
      "location" : "https://github.com/WalletConnect/WalletConnectSwiftV2",
      "state" : {
        "branch" : "main",
        "revision" : "667c76e3ceee1805de99b55724de9b971cc8ff17"
      }
    }
  ],
  "version" : 2
}
